// !$*UTF8*$!
{
	archiveVersion = 1;
	classes = {
	};
	objectVersion = 46;
	objects = {

/* Begin PBXBuildFile section */
		47D8E3281E6F495C001FF6EB /* AppDelegate.swift in Sources */ = {isa = PBXBuildFile; fileRef = 47D8E3271E6F495C001FF6EB /* AppDelegate.swift */; };
		47D8E32A1E6F495C001FF6EB /* ViewController.swift in Sources */ = {isa = PBXBuildFile; fileRef = 47D8E3291E6F495C001FF6EB /* ViewController.swift */; };
		47D8E32D1E6F495C001FF6EB /* Main.storyboard in Resources */ = {isa = PBXBuildFile; fileRef = 47D8E32B1E6F495C001FF6EB /* Main.storyboard */; };
		47D8E3301E6F495C001FF6EB /* UnifyID.xcdatamodeld in Sources */ = {isa = PBXBuildFile; fileRef = 47D8E32E1E6F495C001FF6EB /* UnifyID.xcdatamodeld */; };
		47D8E3321E6F495C001FF6EB /* Assets.xcassets in Resources */ = {isa = PBXBuildFile; fileRef = 47D8E3311E6F495C001FF6EB /* Assets.xcassets */; };
		47D8E3351E6F495C001FF6EB /* LaunchScreen.storyboard in Resources */ = {isa = PBXBuildFile; fileRef = 47D8E3331E6F495C001FF6EB /* LaunchScreen.storyboard */; };
		DDC573E3273F5C7861B1DB4B /* Pods_UnifyID.framework in Frameworks */ = {isa = PBXBuildFile; fileRef = 8F6765E6A0AC500711211B81 /* Pods_UnifyID.framework */; };
/* End PBXBuildFile section */

/* Begin PBXFileReference section */
		47D8E3241E6F495C001FF6EB /* UnifyID.app */ = {isa = PBXFileReference; explicitFileType = wrapper.application; includeInIndex = 0; path = UnifyID.app; sourceTree = BUILT_PRODUCTS_DIR; };
		47D8E3271E6F495C001FF6EB /* AppDelegate.swift */ = {isa = PBXFileReference; lastKnownFileType = sourcecode.swift; path = AppDelegate.swift; sourceTree = "<group>"; };
		47D8E3291E6F495C001FF6EB /* ViewController.swift */ = {isa = PBXFileReference; lastKnownFileType = sourcecode.swift; path = ViewController.swift; sourceTree = "<group>"; };
		47D8E32C1E6F495C001FF6EB /* Base */ = {isa = PBXFileReference; lastKnownFileType = file.storyboard; name = Base; path = Base.lproj/Main.storyboard; sourceTree = "<group>"; };
		47D8E32F1E6F495C001FF6EB /* UnifyID.xcdatamodel */ = {isa = PBXFileReference; lastKnownFileType = wrapper.xcdatamodel; path = UnifyID.xcdatamodel; sourceTree = "<group>"; };
		47D8E3311E6F495C001FF6EB /* Assets.xcassets */ = {isa = PBXFileReference; lastKnownFileType = folder.assetcatalog; path = Assets.xcassets; sourceTree = "<group>"; };
		47D8E3341E6F495C001FF6EB /* Base */ = {isa = PBXFileReference; lastKnownFileType = file.storyboard; name = Base; path = Base.lproj/LaunchScreen.storyboard; sourceTree = "<group>"; };
		47D8E3361E6F495C001FF6EB /* Info.plist */ = {isa = PBXFileReference; lastKnownFileType = text.plist.xml; path = Info.plist; sourceTree = "<group>"; };
		8F6765E6A0AC500711211B81 /* Pods_UnifyID.framework */ = {isa = PBXFileReference; explicitFileType = wrapper.framework; includeInIndex = 0; path = Pods_UnifyID.framework; sourceTree = BUILT_PRODUCTS_DIR; };
		BDE2E2511DE6C16BDA8FE859 /* Pods-UnifyID.debug.xcconfig */ = {isa = PBXFileReference; includeInIndex = 1; lastKnownFileType = text.xcconfig; name = "Pods-UnifyID.debug.xcconfig"; path = "Pods/Target Support Files/Pods-UnifyID/Pods-UnifyID.debug.xcconfig"; sourceTree = "<group>"; };
		C5500E88F9A5EA154E811681 /* Pods-UnifyID.release.xcconfig */ = {isa = PBXFileReference; includeInIndex = 1; lastKnownFileType = text.xcconfig; name = "Pods-UnifyID.release.xcconfig"; path = "Pods/Target Support Files/Pods-UnifyID/Pods-UnifyID.release.xcconfig"; sourceTree = "<group>"; };
/* End PBXFileReference section */

/* Begin PBXFrameworksBuildPhase section */
		47D8E3211E6F495C001FF6EB /* Frameworks */ = {
			isa = PBXFrameworksBuildPhase;
			buildActionMask = 2147483647;
			files = (
				DDC573E3273F5C7861B1DB4B /* Pods_UnifyID.framework in Frameworks */,
			);
			runOnlyForDeploymentPostprocessing = 0;
		};
/* End PBXFrameworksBuildPhase section */

/* Begin PBXGroup section */
		0D93F7A92B17727044B481A6 /* Pods */ = {
			isa = PBXGroup;
			children = (
				BDE2E2511DE6C16BDA8FE859 /* Pods-UnifyID.debug.xcconfig */,
				C5500E88F9A5EA154E811681 /* Pods-UnifyID.release.xcconfig */,
			);
			name = Pods;
			sourceTree = "<group>";
		};
		332ABE2B6EDAF73A705A83EB /* Frameworks */ = {
			isa = PBXGroup;
			children = (
				8F6765E6A0AC500711211B81 /* Pods_UnifyID.framework */,
			);
			name = Frameworks;
			sourceTree = "<group>";
		};
		47D8E31B1E6F495C001FF6EB = {
			isa = PBXGroup;
			children = (
				47D8E3261E6F495C001FF6EB /* UnifyID */,
				47D8E3251E6F495C001FF6EB /* Products */,
				0D93F7A92B17727044B481A6 /* Pods */,
				332ABE2B6EDAF73A705A83EB /* Frameworks */,
			);
			sourceTree = "<group>";
		};
		47D8E3251E6F495C001FF6EB /* Products */ = {
			isa = PBXGroup;
			children = (
				47D8E3241E6F495C001FF6EB /* UnifyID.app */,
			);
			name = Products;
			sourceTree = "<group>";
		};
		47D8E3261E6F495C001FF6EB /* UnifyID */ = {
			isa = PBXGroup;
			children = (
				47D8E3271E6F495C001FF6EB /* AppDelegate.swift */,
				47D8E3291E6F495C001FF6EB /* ViewController.swift */,
				47D8E32B1E6F495C001FF6EB /* Main.storyboard */,
				47D8E3311E6F495C001FF6EB /* Assets.xcassets */,
				47D8E3331E6F495C001FF6EB /* LaunchScreen.storyboard */,
				47D8E3361E6F495C001FF6EB /* Info.plist */,
				47D8E32E1E6F495C001FF6EB /* UnifyID.xcdatamodeld */,
			);
			path = UnifyID;
			sourceTree = "<group>";
		};
/* End PBXGroup section */

/* Begin PBXNativeTarget section */
		47D8E3231E6F495C001FF6EB /* UnifyID */ = {
			isa = PBXNativeTarget;
			buildConfigurationList = 47D8E3391E6F495C001FF6EB /* Build configuration list for PBXNativeTarget "UnifyID" */;
			buildPhases = (
				02015572AA233441246E4004 /* [CP] Check Pods Manifest.lock */,
				47D8E3201E6F495C001FF6EB /* Sources */,
				47D8E3211E6F495C001FF6EB /* Frameworks */,
				47D8E3221E6F495C001FF6EB /* Resources */,
				A5027AB9ACF56A754E43285D /* [CP] Embed Pods Frameworks */,
				77D76A4AA62A19BFCFC0877D /* [CP] Copy Pods Resources */,
			);
			buildRules = (
			);
			dependencies = (
			);
			name = UnifyID;
			productName = UnifyID;
			productReference = 47D8E3241E6F495C001FF6EB /* UnifyID.app */;
			productType = "com.apple.product-type.application";
		};
/* End PBXNativeTarget section */

/* Begin PBXProject section */
		47D8E31C1E6F495C001FF6EB /* Project object */ = {
			isa = PBXProject;
			attributes = {
				LastSwiftUpdateCheck = 0820;
				LastUpgradeCheck = 0820;
				ORGANIZATIONNAME = "Daniel Isserow";
				TargetAttributes = {
					47D8E3231E6F495C001FF6EB = {
						CreatedOnToolsVersion = 8.2.1;
						DevelopmentTeam = VQNBD2ANTH;
						ProvisioningStyle = Automatic;
					};
				};
			};
			buildConfigurationList = 47D8E31F1E6F495C001FF6EB /* Build configuration list for PBXProject "UnifyID" */;
			compatibilityVersion = "Xcode 3.2";
			developmentRegion = English;
			hasScannedForEncodings = 0;
			knownRegions = (
				en,
				Base,
			);
			mainGroup = 47D8E31B1E6F495C001FF6EB;
			productRefGroup = 47D8E3251E6F495C001FF6EB /* Products */;
			projectDirPath = "";
			projectRoot = "";
			targets = (
				47D8E3231E6F495C001FF6EB /* UnifyID */,
			);
		};
/* End PBXProject section */

/* Begin PBXResourcesBuildPhase section */
		47D8E3221E6F495C001FF6EB /* Resources */ = {
			isa = PBXResourcesBuildPhase;
			buildActionMask = 2147483647;
			files = (
				47D8E3351E6F495C001FF6EB /* LaunchScreen.storyboard in Resources */,
				47D8E3321E6F495C001FF6EB /* Assets.xcassets in Resources */,
				47D8E32D1E6F495C001FF6EB /* Main.storyboard in Resources */,
			);
			runOnlyForDeploymentPostprocessing = 0;
		};
/* End PBXResourcesBuildPhase section */

/* Begin PBXShellScriptBuildPhase section */
		02015572AA233441246E4004 /* [CP] Check Pods Manifest.lock */ = {
			isa = PBXShellScriptBuildPhase;
			buildActionMask = 2147483647;
			files = (
			);
			inputPaths = (
			);
			name = "[CP] Check Pods Manifest.lock";
			outputPaths = (
			);
			runOnlyForDeploymentPostprocessing = 0;
			shellPath = /bin/sh;
			shellScript = "diff \"${PODS_ROOT}/../Podfile.lock\" \"${PODS_ROOT}/Manifest.lock\" > /dev/null\nif [ $? != 0 ] ; then\n    # print error to STDERR\n    echo \"error: The sandbox is not in sync with the Podfile.lock. Run 'pod install' or update your CocoaPods installation.\" >&2\n    exit 1\nfi\n";
			showEnvVarsInLog = 0;
		};
		77D76A4AA62A19BFCFC0877D /* [CP] Copy Pods Resources */ = {
			isa = PBXShellScriptBuildPhase;
			buildActionMask = 2147483647;
			files = (
			);
			inputPaths = (
			);
			name = "[CP] Copy Pods Resources";
			outputPaths = (
			);
			runOnlyForDeploymentPostprocessing = 0;
			shellPath = /bin/sh;
			shellScript = "\"${SRCROOT}/Pods/Target Support Files/Pods-UnifyID/Pods-UnifyID-resources.sh\"\n";
			showEnvVarsInLog = 0;
		};
		A5027AB9ACF56A754E43285D /* [CP] Embed Pods Frameworks */ = {
			isa = PBXShellScriptBuildPhase;
			buildActionMask = 2147483647;
			files = (
			);
			inputPaths = (
			);
			name = "[CP] Embed Pods Frameworks";
			outputPaths = (
			);
			runOnlyForDeploymentPostprocessing = 0;
			shellPath = /bin/sh;
			shellScript = "\"${SRCROOT}/Pods/Target Support Files/Pods-UnifyID/Pods-UnifyID-frameworks.sh\"\n";
			showEnvVarsInLog = 0;
		};
/* End PBXShellScriptBuildPhase section */

/* Begin PBXSourcesBuildPhase section */
		47D8E3201E6F495C001FF6EB /* Sources */ = {
			isa = PBXSourcesBuildPhase;
			buildActionMask = 2147483647;
			files = (
				47D8E3301E6F495C001FF6EB /* UnifyID.xcdatamodeld in Sources */,
				47D8E32A1E6F495C001FF6EB /* ViewController.swift in Sources */,
				47D8E3281E6F495C001FF6EB /* AppDelegate.swift in Sources */,
			);
			runOnlyForDeploymentPostprocessing = 0;
		};
/* End PBXSourcesBuildPhase section */

/* Begin PBXVariantGroup section */
		47D8E32B1E6F495C001FF6EB /* Main.storyboard */ = {
			isa = PBXVariantGroup;
			children = (
				47D8E32C1E6F495C001FF6EB /* Base */,
			);
			name = Main.storyboard;
			sourceTree = "<group>";
		};
		47D8E3331E6F495C001FF6EB /* LaunchScreen.storyboard */ = {
			isa = PBXVariantGroup;
			children = (
				47D8E3341E6F495C001FF6EB /* Base */,
			);
			name = LaunchScreen.storyboard;
			sourceTree = "<group>";
		};
/* End PBXVariantGroup section */

/* Begin XCBuildConfiguration section */
		47D8E3371E6F495C001FF6EB /* Debug */ = {
			isa = XCBuildConfiguration;
			buildSettings = {
				ALWAYS_SEARCH_USER_PATHS = NO;
				CLANG_ANALYZER_NONNULL = YES;
				CLANG_CXX_LANGUAGE_STANDARD = "gnu++0x";
				CLANG_CXX_LIBRARY = "libc++";
				CLANG_ENABLE_MODULES = YES;
				CLANG_ENABLE_OBJC_ARC = YES;
				CLANG_WARN_BOOL_CONVERSION = YES;
				CLANG_WARN_CONSTANT_CONVERSION = YES;
				CLANG_WARN_DIRECT_OBJC_ISA_USAGE = YES_ERROR;
				CLANG_WARN_DOCUMENTATION_COMMENTS = YES;
				CLANG_WARN_EMPTY_BODY = YES;
				CLANG_WARN_ENUM_CONVERSION = YES;
				CLANG_WARN_INFINITE_RECURSION = YES;
				CLANG_WARN_INT_CONVERSION = YES;
				CLANG_WARN_OBJC_ROOT_CLASS = YES_ERROR;
				CLANG_WARN_SUSPICIOUS_MOVE = YES;
				CLANG_WARN_UNREACHABLE_CODE = YES;
				CLANG_WARN__DUPLICATE_METHOD_MATCH = YES;
				"CODE_SIGN_IDENTITY[sdk=iphoneos*]" = "iPhone Developer";
				COPY_PHASE_STRIP = NO;
				DEBUG_INFORMATION_FORMAT = dwarf;
				ENABLE_STRICT_OBJC_MSGSEND = YES;
				ENABLE_TESTABILITY = YES;
				GCC_C_LANGUAGE_STANDARD = gnu99;
				GCC_DYNAMIC_NO_PIC = NO;
				GCC_NO_COMMON_BLOCKS = YES;
				GCC_OPTIMIZATION_LEVEL = 0;
				GCC_PREPROCESSOR_DEFINITIONS = (
					"DEBUG=1",
					"$(inherited)",
				);
				GCC_WARN_64_TO_32_BIT_CONVERSION = YES;
				GCC_WARN_ABOUT_RETURN_TYPE = YES_ERROR;
				GCC_WARN_UNDECLARED_SELECTOR = YES;
				GCC_WARN_UNINITIALIZED_AUTOS = YES_AGGRESSIVE;
				GCC_WARN_UNUSED_FUNCTION = YES;
				GCC_WARN_UNUSED_VARIABLE = YES;
				IPHONEOS_DEPLOYMENT_TARGET = 10.2;
				MTL_ENABLE_DEBUG_INFO = YES;
				ONLY_ACTIVE_ARCH = YES;
				SDKROOT = iphoneos;
				SWIFT_ACTIVE_COMPILATION_CONDITIONS = DEBUG;
				SWIFT_OPTIMIZATION_LEVEL = "-Onone";
				TARGETED_DEVICE_FAMILY = "1,2";
			};
			name = Debug;
		};
		47D8E3381E6F495C001FF6EB /* Release */ = {
			isa = XCBuildConfiguration;
			buildSettings = {
				ALWAYS_SEARCH_USER_PATHS = NO;
				CLANG_ANALYZER_NONNULL = YES;
				CLANG_CXX_LANGUAGE_STANDARD = "gnu++0x";
				CLANG_CXX_LIBRARY = "libc++";
				CLANG_ENABLE_MODULES = YES;
				CLANG_ENABLE_OBJC_ARC = YES;
				CLANG_WARN_BOOL_CONVERSION = YES;
				CLANG_WARN_CONSTANT_CONVERSION = YES;
				CLANG_WARN_DIRECT_OBJC_ISA_USAGE = YES_ERROR;
				CLANG_WARN_DOCUMENTATION_COMMENTS = YES;
				CLANG_WARN_EMPTY_BODY = YES;
				CLANG_WARN_ENUM_CONVERSION = YES;
				CLANG_WARN_INFINITE_RECURSION = YES;
				CLANG_WARN_INT_CONVERSION = YES;
				CLANG_WARN_OBJC_ROOT_CLASS = YES_ERROR;
				CLANG_WARN_SUSPICIOUS_MOVE = YES;
				CLANG_WARN_UNREACHABLE_CODE = YES;
				CLANG_WARN__DUPLICATE_METHOD_MATCH = YES;
				"CODE_SIGN_IDENTITY[sdk=iphoneos*]" = "iPhone Developer";
				COPY_PHASE_STRIP = NO;
				DEBUG_INFORMATION_FORMAT = "dwarf-with-dsym";
				ENABLE_NS_ASSERTIONS = NO;
				ENABLE_STRICT_OBJC_MSGSEND = YES;
				GCC_C_LANGUAGE_STANDARD = gnu99;
				GCC_NO_COMMON_BLOCKS = YES;
				GCC_WARN_64_TO_32_BIT_CONVERSION = YES;
				GCC_WARN_ABOUT_RETURN_TYPE = YES_ERROR;
				GCC_WARN_UNDECLARED_SELECTOR = YES;
				GCC_WARN_UNINITIALIZED_AUTOS = YES_AGGRESSIVE;
				GCC_WARN_UNUSED_FUNCTION = YES;
				GCC_WARN_UNUSED_VARIABLE = YES;
				IPHONEOS_DEPLOYMENT_TARGET = 10.2;
				MTL_ENABLE_DEBUG_INFO = NO;
				SDKROOT = iphoneos;
				SWIFT_OPTIMIZATION_LEVEL = "-Owholemodule";
				TARGETED_DEVICE_FAMILY = "1,2";
				VALIDATE_PRODUCT = YES;
			};
			name = Release;
		};
		47D8E33A1E6F495C001FF6EB /* Debug */ = {
			isa = XCBuildConfiguration;
			baseConfigurationReference = BDE2E2511DE6C16BDA8FE859 /* Pods-UnifyID.debug.xcconfig */;
			buildSettings = {
				ASSETCATALOG_COMPILER_APPICON_NAME = AppIcon;
				DEVELOPMENT_TEAM = VQNBD2ANTH;
				INFOPLIST_FILE = UnifyID/Info.plist;
				LD_RUNPATH_SEARCH_PATHS = "$(inherited) @executable_path/Frameworks";
				PRODUCT_BUNDLE_IDENTIFIER = com.UnifyID.facial.UnifyID;
				PRODUCT_NAME = "$(TARGET_NAME)";
				SWIFT_VERSION = 3.0;
				TARGETED_DEVICE_FAMILY = "1,2";
			};
			name = Debug;
		};
		47D8E33B1E6F495C001FF6EB /* Release */ = {
			isa = XCBuildConfiguration;
			baseConfigurationReference = C5500E88F9A5EA154E811681 /* Pods-UnifyID.release.xcconfig */;
			buildSettings = {
				ASSETCATALOG_COMPILER_APPICON_NAME = AppIcon;
				DEVELOPMENT_TEAM = VQNBD2ANTH;
				INFOPLIST_FILE = UnifyID/Info.plist;
				LD_RUNPATH_SEARCH_PATHS = "$(inherited) @executable_path/Frameworks";
				PRODUCT_BUNDLE_IDENTIFIER = com.UnifyID.facial.UnifyID;
				PRODUCT_NAME = "$(TARGET_NAME)";
				SWIFT_VERSION = 3.0;
				TARGETED_DEVICE_FAMILY = "1,2";
			};
			name = Release;
		};
/* End XCBuildConfiguration section */

/* Begin XCConfigurationList section */
		47D8E31F1E6F495C001FF6EB /* Build configuration list for PBXProject "UnifyID" */ = {
			isa = XCConfigurationList;
			buildConfigurations = (
				47D8E3371E6F495C001FF6EB /* Debug */,
				47D8E3381E6F495C001FF6EB /* Release */,
			);
			defaultConfigurationIsVisible = 0;
			defaultConfigurationName = Release;
		};
		47D8E3391E6F495C001FF6EB /* Build configuration list for PBXNativeTarget "UnifyID" */ = {
			isa = XCConfigurationList;
			buildConfigurations = (
				47D8E33A1E6F495C001FF6EB /* Debug */,
				47D8E33B1E6F495C001FF6EB /* Release */,
			);
			defaultConfigurationIsVisible = 0;
			defaultConfigurationName = Release;
		};
/* End XCConfigurationList section */

/* Begin XCVersionGroup section */
		47D8E32E1E6F495C001FF6EB /* UnifyID.xcdatamodeld */ = {
			isa = XCVersionGroup;
			children = (
				47D8E32F1E6F495C001FF6EB /* UnifyID.xcdatamodel */,
			);
			currentVersion = 47D8E32F1E6F495C001FF6EB /* UnifyID.xcdatamodel */;
			path = UnifyID.xcdatamodeld;
			sourceTree = "<group>";
			versionGroupType = wrapper.xcdatamodel;
		};
/* End XCVersionGroup section */
	};
	rootObject = 47D8E31C1E6F495C001FF6EB /* Project object */;
}
